// !$*UTF8*$!
{
	archiveVersion = 1;
	classes = {
	};
	objectVersion = 50;
	objects = {

/* Begin PBXBuildFile section */
		6687E1C024F9509600A956F0 /* AppDelegate.swift in Sources */ = {isa = PBXBuildFile; fileRef = 6687E1BF24F9509600A956F0 /* AppDelegate.swift */; };
		6687E1C224F9509600A956F0 /* SceneDelegate.swift in Sources */ = {isa = PBXBuildFile; fileRef = 6687E1C124F9509600A956F0 /* SceneDelegate.swift */; };
		6687E1C424F9509600A956F0 /* ContentView.swift in Sources */ = {isa = PBXBuildFile; fileRef = 6687E1C324F9509600A956F0 /* ContentView.swift */; };
		6687E1C624F9509800A956F0 /* Assets.xcassets in Resources */ = {isa = PBXBuildFile; fileRef = 6687E1C524F9509800A956F0 /* Assets.xcassets */; };
		6687E1C924F9509800A956F0 /* Preview Assets.xcassets in Resources */ = {isa = PBXBuildFile; fileRef = 6687E1C824F9509800A956F0 /* Preview Assets.xcassets */; };
		6687E1CC24F9509800A956F0 /* LaunchScreen.storyboard in Resources */ = {isa = PBXBuildFile; fileRef = 6687E1CA24F9509800A956F0 /* LaunchScreen.storyboard */; };
/* End PBXBuildFile section */

/* Begin PBXFileReference section */
		6687E1BC24F9509600A956F0 /* AnimatedCharts.app */ = {isa = PBXFileReference; explicitFileType = wrapper.application; includeInIndex = 0; path = AnimatedCharts.app; sourceTree = BUILT_PRODUCTS_DIR; };
		6687E1BF24F9509600A956F0 /* AppDelegate.swift */ = {isa = PBXFileReference; lastKnownFileType = sourcecode.swift; path = AppDelegate.swift; sourceTree = "<group>"; };
		6687E1C124F9509600A956F0 /* SceneDelegate.swift */ = {isa = PBXFileReference; lastKnownFileType = sourcecode.swift; path = SceneDelegate.swift; sourceTree = "<group>"; };
		6687E1C324F9509600A956F0 /* ContentView.swift */ = {isa = PBXFileReference; lastKnownFileType = sourcecode.swift; path = ContentView.swift; sourceTree = "<group>"; };
		6687E1C524F9509800A956F0 /* Assets.xcassets */ = {isa = PBXFileReference; lastKnownFileType = folder.assetcatalog; path = Assets.xcassets; sourceTree = "<group>"; };
		6687E1C824F9509800A956F0 /* Preview Assets.xcassets */ = {isa = PBXFileReference; lastKnownFileType = folder.assetcatalog; path = "Preview Assets.xcassets"; sourceTree = "<group>"; };
		6687E1CB24F9509800A956F0 /* Base */ = {isa = PBXFileReference; lastKnownFileType = file.storyboard; name = Base; path = Base.lproj/LaunchScreen.storyboard; sourceTree = "<group>"; };
		6687E1CD24F9509800A956F0 /* Info.plist */ = {isa = PBXFileReference; lastKnownFileType = text.plist.xml; path = Info.plist; sourceTree = "<group>"; };
/* End PBXFileReference section */

/* Begin PBXFrameworksBuildPhase section */
		6687E1B924F9509600A956F0 /* Frameworks */ = {
			isa = PBXFrameworksBuildPhase;
			buildActionMask = 2147483647;
			files = (
			);
			runOnlyForDeploymentPostprocessing = 0;
		};
/* End PBXFrameworksBuildPhase section */

/* Begin PBXGroup section */
		6687E1B324F9509500A956F0 = {
			isa = PBXGroup;
			children = (
				6687E1BE24F9509600A956F0 /* AnimatedCharts */,
				6687E1BD24F9509600A956F0 /* Products */,
			);
			sourceTree = "<group>";
		};
		6687E1BD24F9509600A956F0 /* Products */ = {
			isa = PBXGroup;
			children = (
				6687E1BC24F9509600A956F0 /* AnimatedCharts.app */,
			);
			name = Products;
			sourceTree = "<group>";
		};
		6687E1BE24F9509600A956F0 /* AnimatedCharts */ = {
			isa = PBXGroup;
			children = (
				6687E1BF24F9509600A956F0 /* AppDelegate.swift */,
				6687E1C124F9509600A956F0 /* SceneDelegate.swift */,
				6687E1C324F9509600A956F0 /* ContentView.swift */,
				6687E1C524F9509800A956F0 /* Assets.xcassets */,
				6687E1CA24F9509800A956F0 /* LaunchScreen.storyboard */,
				6687E1CD24F9509800A956F0 /* Info.plist */,
				6687E1C724F9509800A956F0 /* Preview Content */,
			);
			path = AnimatedCharts;
			sourceTree = "<group>";
		};
		6687E1C724F9509800A956F0 /* Preview Content */ = {
			isa = PBXGroup;
			children = (
				6687E1C824F9509800A956F0 /* Preview Assets.xcassets */,
			);
			path = "Preview Content";
			sourceTree = "<group>";
		};
/* End PBXGroup section */

/* Begin PBXNativeTarget section */
		6687E1BB24F9509600A956F0 /* AnimatedCharts */ = {
			isa = PBXNativeTarget;
			buildConfigurationList = 6687E1D024F9509800A956F0 /* Build configuration list for PBXNativeTarget "AnimatedCharts" */;
			buildPhases = (
				6687E1B824F9509600A956F0 /* Sources */,
				6687E1B924F9509600A956F0 /* Frameworks */,
				6687E1BA24F9509600A956F0 /* Resources */,
			);
			buildRules = (
			);
			dependencies = (
			);
			name = AnimatedCharts;
			productName = AnimatedCharts;
			productReference = 6687E1BC24F9509600A956F0 /* AnimatedCharts.app */;
			productType = "com.apple.product-type.application";
		};
/* End PBXNativeTarget section */

/* Begin PBXProject section */
		6687E1B424F9509500A956F0 /* Project object */ = {
			isa = PBXProject;
			attributes = {
				LastSwiftUpdateCheck = 1160;
				LastUpgradeCheck = 1160;
				ORGANIZATIONNAME = "LanguiDoge LLC";
				TargetAttributes = {
					6687E1BB24F9509600A956F0 = {
						CreatedOnToolsVersion = 11.6;
					};
				};
			};
			buildConfigurationList = 6687E1B724F9509500A956F0 /* Build configuration list for PBXProject "AnimatedCharts" */;
			compatibilityVersion = "Xcode 9.3";
			developmentRegion = en;
			hasScannedForEncodings = 0;
			knownRegions = (
				en,
				Base,
			);
			mainGroup = 6687E1B324F9509500A956F0;
			productRefGroup = 6687E1BD24F9509600A956F0 /* Products */;
			projectDirPath = "";
			projectRoot = "";
			targets = (
				6687E1BB24F9509600A956F0 /* AnimatedCharts */,
			);
		};
/* End PBXProject section */

/* Begin PBXResourcesBuildPhase section */
		6687E1BA24F9509600A956F0 /* Resources */ = {
			isa = PBXResourcesBuildPhase;
			buildActionMask = 2147483647;
			files = (
				6687E1CC24F9509800A956F0 /* LaunchScreen.storyboard in Resources */,
				6687E1C924F9509800A956F0 /* Preview Assets.xcassets in Resources */,
				6687E1C624F9509800A956F0 /* Assets.xcassets in Resources */,
			);
			runOnlyForDeploymentPostprocessing = 0;
		};
/* End PBXResourcesBuildPhase section */

/* Begin PBXSourcesBuildPhase section */
		6687E1B824F9509600A956F0 /* Sources */ = {
			isa = PBXSourcesBuildPhase;
			buildActionMask = 2147483647;
			files = (
				6687E1C024F9509600A956F0 /* AppDelegate.swift in Sources */,
				6687E1C224F9509600A956F0 /* SceneDelegate.swift in Sources */,
				6687E1C424F9509600A956F0 /* ContentView.swift in Sources */,
			);
			runOnlyForDeploymentPostprocessing = 0;
		};
/* End PBXSourcesBuildPhase section */

/* Begin PBXVariantGroup section */
		6687E1CA24F9509800A956F0 /* LaunchScreen.storyboard */ = {
			isa = PBXVariantGroup;
			children = (
				6687E1CB24F9509800A956F0 /* Base */,
			);
			name = LaunchScreen.storyboard;
			sourceTree = "<group>";
		};
/* End PBXVariantGroup section */

/* Begin XCBuildConfiguration section */
		6687E1CE24F9509800A956F0 /* Debug */ = {
			isa = XCBuildConfiguration;
			buildSettings = {
				ALWAYS_SEARCH_USER_PATHS = NO;
				CLANG_ANALYZER_NONNULL = YES;
				CLANG_ANALYZER_NUMBER_OBJECT_CONVERSION = YES_AGGRESSIVE;
				CLANG_CXX_LANGUAGE_STANDARD = "gnu++14";
				CLANG_CXX_LIBRARY = "libc++";
				CLANG_ENABLE_MODULES = YES;
				CLANG_ENABLE_OBJC_ARC = YES;
				CLANG_ENABLE_OBJC_WEAK = YES;
				CLANG_WARN_BLOCK_CAPTURE_AUTORELEASING = YES;
				CLANG_WARN_BOOL_CONVERSION = YES;
				CLANG_WARN_COMMA = YES;
				CLANG_WARN_CONSTANT_CONVERSION = YES;
				CLANG_WARN_DEPRECATED_OBJC_IMPLEMENTATIONS = YES;
				CLANG_WARN_DIRECT_OBJC_ISA_USAGE = YES_ERROR;
				CLANG_WARN_DOCUMENTATION_COMMENTS = YES;
				CLANG_WARN_EMPTY_BODY = YES;
				CLANG_WARN_ENUM_CONVERSION = YES;
				CLANG_WARN_INFINITE_RECURSION = YES;
				CLANG_WARN_INT_CONVERSION = YES;
				CLANG_WARN_NON_LITERAL_NULL_CONVERSION = YES;
				CLANG_WARN_OBJC_IMPLICIT_RETAIN_SELF = YES;
				CLANG_WARN_OBJC_LITERAL_CONVERSION = YES;
				CLANG_WARN_OBJC_ROOT_CLASS = YES_ERROR;
				CLANG_WARN_RANGE_LOOP_ANALYSIS = YES;
				CLANG_WARN_STRICT_PROTOTYPES = YES;
				CLANG_WARN_SUSPICIOUS_MOVE = YES;
				CLANG_WARN_UNGUARDED_AVAILABILITY = YES_AGGRESSIVE;
				CLANG_WARN_UNREACHABLE_CODE = YES;
				CLANG_WARN__DUPLICATE_METHOD_MATCH = YES;
				COPY_PHASE_STRIP = NO;
				DEBUG_INFORMATION_FORMAT = dwarf;
				ENABLE_STRICT_OBJC_MSGSEND = YES;
				ENABLE_TESTABILITY = YES;
				GCC_C_LANGUAGE_STANDARD = gnu11;
				GCC_DYNAMIC_NO_PIC = NO;
				GCC_NO_COMMON_BLOCKS = YES;
				GCC_OPTIMIZATION_LEVEL = 0;
				GCC_PREPROCESSOR_DEFINITIONS = (
					"DEBUG=1",
					"$(inherited)",
				);
				GCC_WARN_64_TO_32_BIT_CONVERSION = YES;
				GCC_WARN_ABOUT_RETURN_TYPE = YES_ERROR;
				GCC_WARN_UNDECLARED_SELECTOR = YES;
				GCC_WARN_UNINITIALIZED_AUTOS = YES_AGGRESSIVE;
				GCC_WARN_UNUSED_FUNCTION = YES;
				GCC_WARN_UNUSED_VARIABLE = YES;
				IPHONEOS_DEPLOYMENT_TARGET = 13.6;
				MTL_ENABLE_DEBUG_INFO = INCLUDE_SOURCE;
				MTL_FAST_MATH = YES;
				ONLY_ACTIVE_ARCH = YES;
				SDKROOT = iphoneos;
				SWIFT_ACTIVE_COMPILATION_CONDITIONS = DEBUG;
				SWIFT_OPTIMIZATION_LEVEL = "-Onone";
			};
			name = Debug;
		};
		6687E1CF24F9509800A956F0 /* Release */ = {
			isa = XCBuildConfiguration;
			buildSettings = {
				ALWAYS_SEARCH_USER_PATHS = NO;
				CLANG_ANALYZER_NONNULL = YES;
				CLANG_ANALYZER_NUMBER_OBJECT_CONVERSION = YES_AGGRESSIVE;
				CLANG_CXX_LANGUAGE_STANDARD = "gnu++14";
				CLANG_CXX_LIBRARY = "libc++";
				CLANG_ENABLE_MODULES = YES;
				CLANG_ENABLE_OBJC_ARC = YES;
				CLANG_ENABLE_OBJC_WEAK = YES;
				CLANG_WARN_BLOCK_CAPTURE_AUTORELEASING = YES;
				CLANG_WARN_BOOL_CONVERSION = YES;
				CLANG_WARN_COMMA = YES;
				CLANG_WARN_CONSTANT_CONVERSION = YES;
				CLANG_WARN_DEPRECATED_OBJC_IMPLEMENTATIONS = YES;
				CLANG_WARN_DIRECT_OBJC_ISA_USAGE = YES_ERROR;
				CLANG_WARN_DOCUMENTATION_COMMENTS = YES;
				CLANG_WARN_EMPTY_BODY = YES;
				CLANG_WARN_ENUM_CONVERSION = YES;
				CLANG_WARN_INFINITE_RECURSION = YES;
				CLANG_WARN_INT_CONVERSION = YES;
				CLANG_WARN_NON_LITERAL_NULL_CONVERSION = YES;
				CLANG_WARN_OBJC_IMPLICIT_RETAIN_SELF = YES;
				CLANG_WARN_OBJC_LITERAL_CONVERSION = YES;
				CLANG_WARN_OBJC_ROOT_CLASS = YES_ERROR;
				CLANG_WARN_RANGE_LOOP_ANALYSIS = YES;
				CLANG_WARN_STRICT_PROTOTYPES = YES;
				CLANG_WARN_SUSPICIOUS_MOVE = YES;
				CLANG_WARN_UNGUARDED_AVAILABILITY = YES_AGGRESSIVE;
				CLANG_WARN_UNREACHABLE_CODE = YES;
				CLANG_WARN__DUPLICATE_METHOD_MATCH = YES;
				COPY_PHASE_STRIP = NO;
				DEBUG_INFORMATION_FORMAT = "dwarf-with-dsym";
				ENABLE_NS_ASSERTIONS = NO;
				ENABLE_STRICT_OBJC_MSGSEND = YES;
				GCC_C_LANGUAGE_STANDARD = gnu11;
				GCC_NO_COMMON_BLOCKS = YES;
				GCC_WARN_64_TO_32_BIT_CONVERSION = YES;
				GCC_WARN_ABOUT_RETURN_TYPE = YES_ERROR;
				GCC_WARN_UNDECLARED_SELECTOR = YES;
				GCC_WARN_UNINITIALIZED_AUTOS = YES_AGGRESSIVE;
				GCC_WARN_UNUSED_FUNCTION = YES;
				GCC_WARN_UNUSED_VARIABLE = YES;
				IPHONEOS_DEPLOYMENT_TARGET = 13.6;
				MTL_ENABLE_DEBUG_INFO = NO;
				MTL_FAST_MATH = YES;
				SDKROOT = iphoneos;
				SWIFT_COMPILATION_MODE = wholemodule;
				SWIFT_OPTIMIZATION_LEVEL = "-O";
				VALIDATE_PRODUCT = YES;
			};
			name = Release;
		};
		6687E1D124F9509800A956F0 /* Debug */ = {
			isa = XCBuildConfiguration;
			buildSettings = {
				ASSETCATALOG_COMPILER_APPICON_NAME = AppIcon;
				CODE_SIGN_STYLE = Automatic;
				DEVELOPMENT_ASSET_PATHS = "\"AnimatedCharts/Preview Content\"";
				DEVELOPMENT_TEAM = 5C2UF77SZB;
				ENABLE_PREVIEWS = YES;
				INFOPLIST_FILE = AnimatedCharts/Info.plist;
				LD_RUNPATH_SEARCH_PATHS = (
					"$(inherited)",
					"@executable_path/Frameworks",
				);
				PRODUCT_BUNDLE_IDENTIFIER = LD.AnimatedCharts;
				PRODUCT_NAME = "$(TARGET_NAME)";
				SWIFT_VERSION = 5.0;
				TARGETED_DEVICE_FAMILY = "1,2";
			};
			name = Debug;
		};
		6687E1D224F9509800A956F0 /* Release */ = {
			isa = XCBuildConfiguration;
			buildSettings = {
				ASSETCATALOG_COMPILER_APPICON_NAME = AppIcon;
				CODE_SIGN_STYLE = Automatic;
				DEVELOPMENT_ASSET_PATHS = "\"AnimatedCharts/Preview Content\"";
				DEVELOPMENT_TEAM = 5C2UF77SZB;
				ENABLE_PREVIEWS = YES;
				INFOPLIST_FILE = AnimatedCharts/Info.plist;
				LD_RUNPATH_SEARCH_PATHS = (
					"$(inherited)",
					"@executable_path/Frameworks",
				);
				PRODUCT_BUNDLE_IDENTIFIER = LD.AnimatedCharts;
				PRODUCT_NAME = "$(TARGET_NAME)";
				SWIFT_VERSION = 5.0;
				TARGETED_DEVICE_FAMILY = "1,2";
			};
			name = Release;
		};
/* End XCBuildConfiguration section */

/* Begin XCConfigurationList section */
		6687E1B724F9509500A956F0 /* Build configuration list for PBXProject "AnimatedCharts" */ = {
			isa = XCConfigurationList;
			buildConfigurations = (
				6687E1CE24F9509800A956F0 /* Debug */,
				6687E1CF24F9509800A956F0 /* Release */,
			);
			defaultConfigurationIsVisible = 0;
			defaultConfigurationName = Release;
		};
		6687E1D024F9509800A956F0 /* Build configuration list for PBXNativeTarget "AnimatedCharts" */ = {
			isa = XCConfigurationList;
			buildConfigurations = (
				6687E1D124F9509800A956F0 /* Debug */,
				6687E1D224F9509800A956F0 /* Release */,
			);
			defaultConfigurationIsVisible = 0;
			defaultConfigurationName = Release;
		};
/* End XCConfigurationList section */
	};
	rootObject = 6687E1B424F9509500A956F0 /* Project object */;
}
